
Microsoft Visual Studio Solution File, Format Version 12.00
# Visual Studio 2012
Project("{F184B08F-C81C-45F6-A57F-5ABD9991F28F}") = "DB Search", "DB Search.vbproj", "{C5AF05E9-69FF-4CAE-BD53-021A67829164}"
EndProject
Global
	GlobalSection(SolutionConfigurationPlatforms) = preSolution
		Debug|Any CPU = Debug|Any CPU
		Release|Any CPU = Release|Any CPU
	EndGlobalSection
	GlobalSection(ProjectConfigurationPlatforms) = postSolution
		{C5AF05E9-69FF-4CAE-BD53-021A67829164}.Debug|Any CPU.ActiveCfg = Debug|Any CPU
		{C5AF05E9-69FF-4CAE-BD53-021A67829164}.Debug|Any CPU.Build.0 = Debug|Any CPU
		{C5AF05E9-69FF-4CAE-BD53-021A67829164}.Release|Any CPU.ActiveCfg = Release|Any CPU
		{C5AF05E9-69FF-4CAE-BD53-021A67829164}.Release|Any CPU.Build.0 = Release|Any CPU
	EndGlobalSection
	GlobalSection(SolutionProperties) = preSolution
		HideSolutionNode = FALSE
	EndGlobalSection
	GlobalSection(ExtensibilityGlobals) = postSolution
		VisualSVNWorkingCopyRoot = .
	EndGlobalSection
EndGlobal
